
Microsoft Visual Studio Solution File, Format Version 12.00
# Visual Studio Version 17
VisualStudioVersion = 17.0.32112.339
MinimumVisualStudioVersion = 10.0.40219.1
Project("{FAE04EC0-301F-11D3-BF4B-00C04F79EFBC}") = "Air Hockey", "Air Hockey\Air Hockey.csproj", "{6DE3E6CB-0DCB-465D-95F0-36761526CD6E}"
EndProject
Global
	GlobalSection(SolutionConfigurationPlatforms) = preSolution
		Debug|Any CPU = Debug|Any CPU
		Release|Any CPU = Release|Any CPU
	EndGlobalSection
	GlobalSection(ProjectConfigurationPlatforms) = postSolution
		{6DE3E6CB-0DCB-465D-95F0-36761526CD6E}.Debug|Any CPU.ActiveCfg = Debug|Any CPU
		{6DE3E6CB-0DCB-465D-95F0-36761526CD6E}.Debug|Any CPU.Build.0 = Debug|Any CPU
		{6DE3E6CB-0DCB-465D-95F0-36761526CD6E}.Release|Any CPU.ActiveCfg = Release|Any CPU
		{6DE3E6CB-0DCB-465D-95F0-36761526CD6E}.Release|Any CPU.Build.0 = Release|Any CPU
	EndGlobalSection
	GlobalSection(SolutionProperties) = preSolution
		HideSolutionNode = FALSE
	EndGlobalSection
	GlobalSection(ExtensibilityGlobals) = postSolution
		SolutionGuid = {19785067-CC68-4894-A16E-EB6B5C36335E}
	EndGlobalSection
EndGlobal
